{
  "version": 4,
  "terraform_version": "1.12.1",
  "serial": 5,
  "lineage": "366e2883-09a3-5e09-2df8-438ead8fb216",
  "outputs": {
    "container_name": {
      "value": "tfstate",
      "type": "string"
    },
    "resource_group_name": {
      "value": "rg-24-08-on-richter-benjamin",
      "type": "string"
    },
    "storage_account_name": {
      "value": "stterraformlearning",
      "type": "string"
    }
  },
  "resources": [
    {
      "mode": "managed",
      "type": "azurerm_log_analytics_workspace",
      "name": "main",
      "provider": "provider[\"registry.terraform.io/hashicorp/azurerm\"]",
      "instances": [
        {
          "schema_version": 3,
          "attributes": {
            "allow_resource_only_permissions": true,
            "cmk_for_query_forced": false,
            "daily_quota_gb": -1,
            "data_collection_rule_id": "",
            "id": "/subscriptions/26f614c0-22f5-442c-b51d-8352ce46e0e7/resourceGroups/rg-24-08-on-richter-benjamin/providers/Microsoft.OperationalInsights/workspaces/log-gamedevsconnect-dev",
            "identity": [],
            "immediate_data_purge_on_30_days_enabled": false,
            "internet_ingestion_enabled": true,
            "internet_query_enabled": true,
            "local_authentication_disabled": false,
            "location": "germanywestcentral",
            "name": "log-gamedevsconnect-dev",
            "primary_shared_key": "Nv45Bg0osWPCzXZBed0u4A4LVYX1G9VlPkaX8E1JkKEYU2bnwt/DUHYqjuTd8pJbsbDgZE44CuDQzMVlfifjSA==",
            "reservation_capacity_in_gb_per_day": null,
            "resource_group_name": "rg-24-08-on-richter-benjamin",
            "retention_in_days": 30,
            "secondary_shared_key": "GVxISrJuhY7li/epRwTOJYM8vlVoLBnhoHOUN235/4dXAu7l2KdzqfGUAeThK/ETsWI2tKoaeKnFH3HMgZEFoQ==",
            "sku": "PerGB2018",
            "tags": null,
            "timeouts": null,
            "workspace_id": "700118e0-5353-47d2-90a0-6599ec9ebd53"
          },
          "sensitive_attributes": [
            [
              {
                "type": "get_attr",
                "value": "primary_shared_key"
              }
            ],
            [
              {
                "type": "get_attr",
                "value": "secondary_shared_key"
              }
            ]
          ],
          "identity_schema_version": 0,
          "private": "eyJlMmJmYjczMC1lY2FhLTExZTYtOGY4OC0zNDM2M2JjN2M0YzAiOnsiY3JlYXRlIjoxODAwMDAwMDAwMDAwLCJkZWxldGUiOjE4MDAwMDAwMDAwMDAsInJlYWQiOjMwMDAwMDAwMDAwMCwidXBkYXRlIjoxODAwMDAwMDAwMDAwfSwic2NoZW1hX3ZlcnNpb24iOiIzIn0="
        }
      ]
    }
  ],
  "check_results": null
}
